
Microsoft Visual Studio Solution File, Format Version 12.00
# Visual Studio 14
VisualStudioVersion = 14.0.25420.1
MinimumVisualStudioVersion = 10.0.40219.1
Project("{FAE04EC0-301F-11D3-BF4B-00C04F79EFBC}") = "ExampleMandolineAPI", "ExampleMandolineAPI\ExampleMandolineAPI.csproj", "{9F267FA3-FC78-4831-A529-A96B6DA14E1A}"
EndProject
Project("{FAE04EC0-301F-11D3-BF4B-00C04F79EFBC}") = "Client.Repl", "Client.Repl\Client.Repl.csproj", "{8E467599-8659-4A34-B0A5-4D439639B8AB}"
EndProject
Global
	GlobalSection(SolutionConfigurationPlatforms) = preSolution
		Debug|Any CPU = Debug|Any CPU
		Release|Any CPU = Release|Any CPU
	EndGlobalSection
	GlobalSection(ProjectConfigurationPlatforms) = postSolution
		{9F267FA3-FC78-4831-A529-A96B6DA14E1A}.Debug|Any CPU.ActiveCfg = Debug|Any CPU
		{9F267FA3-FC78-4831-A529-A96B6DA14E1A}.Debug|Any CPU.Build.0 = Debug|Any CPU
		{9F267FA3-FC78-4831-A529-A96B6DA14E1A}.Release|Any CPU.ActiveCfg = Release|Any CPU
		{9F267FA3-FC78-4831-A529-A96B6DA14E1A}.Release|Any CPU.Build.0 = Release|Any CPU
		{8E467599-8659-4A34-B0A5-4D439639B8AB}.Debug|Any CPU.ActiveCfg = Debug|Any CPU
		{8E467599-8659-4A34-B0A5-4D439639B8AB}.Debug|Any CPU.Build.0 = Debug|Any CPU
		{8E467599-8659-4A34-B0A5-4D439639B8AB}.Release|Any CPU.ActiveCfg = Release|Any CPU
		{8E467599-8659-4A34-B0A5-4D439639B8AB}.Release|Any CPU.Build.0 = Release|Any CPU
	EndGlobalSection
	GlobalSection(SolutionProperties) = preSolution
		HideSolutionNode = FALSE
	EndGlobalSection
EndGlobal
